// !$*UTF8*$!
{
	archiveVersion = 1;
	classes = {
	};
	objectVersion = 50;
	objects = {

/* Begin PBXBuildFile section */
		68D6648E257E6E1C0065C71D /* AppDelegate.m in Sources */ = {isa = PBXBuildFile; fileRef = 68D6648D257E6E1C0065C71D /* AppDelegate.m */; };
		68D66491257E6E1C0065C71D /* SceneDelegate.m in Sources */ = {isa = PBXBuildFile; fileRef = 68D66490257E6E1C0065C71D /* SceneDelegate.m */; };
		68D66494257E6E1C0065C71D /* ViewController.m in Sources */ = {isa = PBXBuildFile; fileRef = 68D66493257E6E1C0065C71D /* ViewController.m */; };
		68D66497257E6E1C0065C71D /* Main.storyboard in Resources */ = {isa = PBXBuildFile; fileRef = 68D66495257E6E1C0065C71D /* Main.storyboard */; };
		68D66499257E6E1F0065C71D /* Assets.xcassets in Resources */ = {isa = PBXBuildFile; fileRef = 68D66498257E6E1F0065C71D /* Assets.xcassets */; };
		68D6649C257E6E1F0065C71D /* LaunchScreen.storyboard in Resources */ = {isa = PBXBuildFile; fileRef = 68D6649A257E6E1F0065C71D /* LaunchScreen.storyboard */; };
		68D6649F257E6E1F0065C71D /* main.m in Sources */ = {isa = PBXBuildFile; fileRef = 68D6649E257E6E1F0065C71D /* main.m */; };
		68D664A9257E6E200065C71D /* OracleInterviewAppTests.m in Sources */ = {isa = PBXBuildFile; fileRef = 68D664A8257E6E200065C71D /* OracleInterviewAppTests.m */; };
		68D664B4257E6E200065C71D /* OracleInterviewAppUITests.m in Sources */ = {isa = PBXBuildFile; fileRef = 68D664B3257E6E200065C71D /* OracleInterviewAppUITests.m */; };
		68D664C6257E6F230065C71D /* RestClient.m in Sources */ = {isa = PBXBuildFile; fileRef = 68D664C5257E6F230065C71D /* RestClient.m */; };
		68D664CF257E6FF70065C71D /* Book.m in Sources */ = {isa = PBXBuildFile; fileRef = 68D664CE257E6FF70065C71D /* Book.m */; };
		68D664D7257E75610065C71D /* WebRequest.m in Sources */ = {isa = PBXBuildFile; fileRef = 68D664D6257E75610065C71D /* WebRequest.m */; };
		68D664DC257E79760065C71D /* WebResponse.m in Sources */ = {isa = PBXBuildFile; fileRef = 68D664DB257E79760065C71D /* WebResponse.m */; };
		68D664E225863E450065C71D /* Constants.m in Sources */ = {isa = PBXBuildFile; fileRef = 68D664E125863E450065C71D /* Constants.m */; };
		68D6650325876EE60065C71D /* BooksDataService.m in Sources */ = {isa = PBXBuildFile; fileRef = 68D6650225876EE60065C71D /* BooksDataService.m */; };
		68D66508258775C40065C71D /* RestClientIntegrationTests.m in Sources */ = {isa = PBXBuildFile; fileRef = 68D66507258775C40065C71D /* RestClientIntegrationTests.m */; };
		68D6650D258775DA0065C71D /* RestClientUnitTests.m in Sources */ = {isa = PBXBuildFile; fileRef = 68D6650C258775DA0065C71D /* RestClientUnitTests.m */; };
		68D665252587938F0065C71D /* SecureStorage.m in Sources */ = {isa = PBXBuildFile; fileRef = 68D665242587938F0065C71D /* SecureStorage.m */; };
		68D6653325879CBC0065C71D /* MockURLSession.m in Sources */ = {isa = PBXBuildFile; fileRef = 68D6653225879CBC0065C71D /* MockURLSession.m */; };
		68D6653B25879CCD0065C71D /* MockURLSessionDataTask.m in Sources */ = {isa = PBXBuildFile; fileRef = 68D6653A25879CCD0065C71D /* MockURLSessionDataTask.m */; };
		68D665402587A2720065C71D /* BooksDataServiceIntegrationTests.m in Sources */ = {isa = PBXBuildFile; fileRef = 68D6653F2587A2720065C71D /* BooksDataServiceIntegrationTests.m */; };
		68D665452587A6D20065C71D /* BookList.m in Sources */ = {isa = PBXBuildFile; fileRef = 68D665442587A6D20065C71D /* BookList.m */; };
		68D6654E25884D8A0065C71D /* BooksDataServiceUnitTests.m in Sources */ = {isa = PBXBuildFile; fileRef = 68D6654D25884D8A0065C71D /* BooksDataServiceUnitTests.m */; };
		68D6655325884E430065C71D /* MockRestClient.m in Sources */ = {isa = PBXBuildFile; fileRef = 68D6655225884E430065C71D /* MockRestClient.m */; };
		68D66564258865720065C71D /* BookCatalogueViewModel.m in Sources */ = {isa = PBXBuildFile; fileRef = 68D66563258865700065C71D /* BookCatalogueViewModel.m */; };
		68D6656D25899EE60065C71D /* BookDetailTableViewCell.m in Sources */ = {isa = PBXBuildFile; fileRef = 68D6656C25899EE60065C71D /* BookDetailTableViewCell.m */; };
		68D66579258AEE400065C71D /* MockBookDataService.m in Sources */ = {isa = PBXBuildFile; fileRef = 68D66578258AEE400065C71D /* MockBookDataService.m */; };
		68D66590258AF1090065C71D /* BookCatalogueViewModelUnitTests.m in Sources */ = {isa = PBXBuildFile; fileRef = 68D6658F258AF1090065C71D /* BookCatalogueViewModelUnitTests.m */; };
/* End PBXBuildFile section */

/* Begin PBXContainerItemProxy section */
		68D664A5257E6E200065C71D /* PBXContainerItemProxy */ = {
			isa = PBXContainerItemProxy;
			containerPortal = 68D66481257E6E1C0065C71D /* Project object */;
			proxyType = 1;
			remoteGlobalIDString = 68D66488257E6E1C0065C71D;
			remoteInfo = OracleInterviewApp;
		};
		68D664B0257E6E200065C71D /* PBXContainerItemProxy */ = {
			isa = PBXContainerItemProxy;
			containerPortal = 68D66481257E6E1C0065C71D /* Project object */;
			proxyType = 1;
			remoteGlobalIDString = 68D66488257E6E1C0065C71D;
			remoteInfo = OracleInterviewApp;
		};
/* End PBXContainerItemProxy section */

/* Begin PBXFileReference section */
		68D66489257E6E1C0065C71D /* OracleInterviewApp.app */ = {isa = PBXFileReference; explicitFileType = wrapper.application; includeInIndex = 0; path = OracleInterviewApp.app; sourceTree = BUILT_PRODUCTS_DIR; };
		68D6648C257E6E1C0065C71D /* AppDelegate.h */ = {isa = PBXFileReference; lastKnownFileType = sourcecode.c.h; path = AppDelegate.h; sourceTree = "<group>"; };
		68D6648D257E6E1C0065C71D /* AppDelegate.m */ = {isa = PBXFileReference; lastKnownFileType = sourcecode.c.objc; path = AppDelegate.m; sourceTree = "<group>"; };
		68D6648F257E6E1C0065C71D /* SceneDelegate.h */ = {isa = PBXFileReference; lastKnownFileType = sourcecode.c.h; path = SceneDelegate.h; sourceTree = "<group>"; };
		68D66490257E6E1C0065C71D /* SceneDelegate.m */ = {isa = PBXFileReference; lastKnownFileType = sourcecode.c.objc; path = SceneDelegate.m; sourceTree = "<group>"; };
		68D66492257E6E1C0065C71D /* ViewController.h */ = {isa = PBXFileReference; lastKnownFileType = sourcecode.c.h; path = ViewController.h; sourceTree = "<group>"; };
		68D66493257E6E1C0065C71D /* ViewController.m */ = {isa = PBXFileReference; lastKnownFileType = sourcecode.c.objc; path = ViewController.m; sourceTree = "<group>"; };
		68D66496257E6E1C0065C71D /* Base */ = {isa = PBXFileReference; lastKnownFileType = file.storyboard; name = Base; path = Base.lproj/Main.storyboard; sourceTree = "<group>"; };
		68D66498257E6E1F0065C71D /* Assets.xcassets */ = {isa = PBXFileReference; lastKnownFileType = folder.assetcatalog; path = Assets.xcassets; sourceTree = "<group>"; };
		68D6649B257E6E1F0065C71D /* Base */ = {isa = PBXFileReference; lastKnownFileType = file.storyboard; name = Base; path = Base.lproj/LaunchScreen.storyboard; sourceTree = "<group>"; };
		68D6649D257E6E1F0065C71D /* Info.plist */ = {isa = PBXFileReference; lastKnownFileType = text.plist.xml; path = Info.plist; sourceTree = "<group>"; };
		68D6649E257E6E1F0065C71D /* main.m */ = {isa = PBXFileReference; lastKnownFileType = sourcecode.c.objc; path = main.m; sourceTree = "<group>"; };
		68D664A4257E6E200065C71D /* OracleInterviewAppTests.xctest */ = {isa = PBXFileReference; explicitFileType = wrapper.cfbundle; includeInIndex = 0; path = OracleInterviewAppTests.xctest; sourceTree = BUILT_PRODUCTS_DIR; };
		68D664A8257E6E200065C71D /* OracleInterviewAppTests.m */ = {isa = PBXFileReference; lastKnownFileType = sourcecode.c.objc; path = OracleInterviewAppTests.m; sourceTree = "<group>"; };
		68D664AA257E6E200065C71D /* Info.plist */ = {isa = PBXFileReference; lastKnownFileType = text.plist.xml; path = Info.plist; sourceTree = "<group>"; };
		68D664AF257E6E200065C71D /* OracleInterviewAppUITests.xctest */ = {isa = PBXFileReference; explicitFileType = wrapper.cfbundle; includeInIndex = 0; path = OracleInterviewAppUITests.xctest; sourceTree = BUILT_PRODUCTS_DIR; };
		68D664B3257E6E200065C71D /* OracleInterviewAppUITests.m */ = {isa = PBXFileReference; lastKnownFileType = sourcecode.c.objc; path = OracleInterviewAppUITests.m; sourceTree = "<group>"; };
		68D664B5257E6E200065C71D /* Info.plist */ = {isa = PBXFileReference; lastKnownFileType = text.plist.xml; path = Info.plist; sourceTree = "<group>"; };
		68D664C5257E6F230065C71D /* RestClient.m */ = {isa = PBXFileReference; lastKnownFileType = sourcecode.c.objc; path = RestClient.m; sourceTree = "<group>"; };
		68D664CE257E6FF70065C71D /* Book.m */ = {isa = PBXFileReference; lastKnownFileType = sourcecode.c.objc; path = Book.m; sourceTree = "<group>"; };
		68D664D6257E75610065C71D /* WebRequest.m */ = {isa = PBXFileReference; lastKnownFileType = sourcecode.c.objc; path = WebRequest.m; sourceTree = "<group>"; };
		68D664DB257E79760065C71D /* WebResponse.m */ = {isa = PBXFileReference; lastKnownFileType = sourcecode.c.objc; path = WebResponse.m; sourceTree = "<group>"; };
		68D664E125863E450065C71D /* Constants.m */ = {isa = PBXFileReference; lastKnownFileType = sourcecode.c.objc; path = Constants.m; sourceTree = "<group>"; };
		68D664E92586492A0065C71D /* WebRequest.h */ = {isa = PBXFileReference; lastKnownFileType = sourcecode.c.h; path = WebRequest.h; sourceTree = "<group>"; };
		68D664EA258649730065C71D /* WebResponse.h */ = {isa = PBXFileReference; lastKnownFileType = sourcecode.c.h; path = WebResponse.h; sourceTree = "<group>"; };
		68D664EE25864A1A0065C71D /* Constants.h */ = {isa = PBXFileReference; lastKnownFileType = sourcecode.c.h; path = Constants.h; sourceTree = "<group>"; };
		68D664F225864AFA0065C71D /* RestClient.h */ = {isa = PBXFileReference; lastKnownFileType = sourcecode.c.h; path = RestClient.h; sourceTree = "<group>"; };
		68D664F925876ACB0065C71D /* Book.h */ = {isa = PBXFileReference; lastKnownFileType = sourcecode.c.h; path = Book.h; sourceTree = "<group>"; };
		68D6650125876D000065C71D /* BooksDataService.h */ = {isa = PBXFileReference; lastKnownFileType = sourcecode.c.h; path = BooksDataService.h; sourceTree = "<group>"; };
		68D6650225876EE60065C71D /* BooksDataService.m */ = {isa = PBXFileReference; lastKnownFileType = sourcecode.c.objc; path = BooksDataService.m; sourceTree = "<group>"; };
		68D66507258775C40065C71D /* RestClientIntegrationTests.m */ = {isa = PBXFileReference; lastKnownFileType = sourcecode.c.objc; path = RestClientIntegrationTests.m; sourceTree = "<group>"; };
		68D6650C258775DA0065C71D /* RestClientUnitTests.m */ = {isa = PBXFileReference; lastKnownFileType = sourcecode.c.objc; path = RestClientUnitTests.m; sourceTree = "<group>"; };
		68D665242587938F0065C71D /* SecureStorage.m */ = {isa = PBXFileReference; lastKnownFileType = sourcecode.c.objc; path = SecureStorage.m; sourceTree = "<group>"; };
		68D665292587939D0065C71D /* SecureStorage.h */ = {isa = PBXFileReference; lastKnownFileType = sourcecode.c.h; path = SecureStorage.h; sourceTree = "<group>"; };
		68D6652D25879A4A0065C71D /* MockURLSession.h */ = {isa = PBXFileReference; lastKnownFileType = sourcecode.c.h; path = MockURLSession.h; sourceTree = "<group>"; };
		68D6652E25879A560065C71D /* MockURLSessionDataTask.h */ = {isa = PBXFileReference; lastKnownFileType = sourcecode.c.h; path = MockURLSessionDataTask.h; sourceTree = "<group>"; };
		68D6653225879CBC0065C71D /* MockURLSession.m */ = {isa = PBXFileReference; lastKnownFileType = sourcecode.c.objc; path = MockURLSession.m; sourceTree = "<group>"; };
		68D6653A25879CCD0065C71D /* MockURLSessionDataTask.m */ = {isa = PBXFileReference; lastKnownFileType = sourcecode.c.objc; path = MockURLSessionDataTask.m; sourceTree = "<group>"; };
		68D6653F2587A2720065C71D /* BooksDataServiceIntegrationTests.m */ = {isa = PBXFileReference; lastKnownFileType = sourcecode.c.objc; path = BooksDataServiceIntegrationTests.m; sourceTree = "<group>"; };
		68D665442587A6D20065C71D /* BookList.m */ = {isa = PBXFileReference; lastKnownFileType = sourcecode.c.objc; path = BookList.m; sourceTree = "<group>"; };
		68D665492587A6DE0065C71D /* BookList.h */ = {isa = PBXFileReference; lastKnownFileType = sourcecode.c.h; path = BookList.h; sourceTree = "<group>"; };
		68D6654D25884D8A0065C71D /* BooksDataServiceUnitTests.m */ = {isa = PBXFileReference; lastKnownFileType = sourcecode.c.objc; path = BooksDataServiceUnitTests.m; sourceTree = "<group>"; };
		68D6655225884E430065C71D /* MockRestClient.m */ = {isa = PBXFileReference; lastKnownFileType = sourcecode.c.objc; path = MockRestClient.m; sourceTree = "<group>"; };
		68D6655825884E630065C71D /* MockRestClient.h */ = {isa = PBXFileReference; lastKnownFileType = sourcecode.c.h; path = MockRestClient.h; sourceTree = "<group>"; };
		68D66562258865590065C71D /* BookCatalogueViewModel.h */ = {isa = PBXFileReference; lastKnownFileType = sourcecode.c.h; path = BookCatalogueViewModel.h; sourceTree = "<group>"; };
		68D66563258865700065C71D /* BookCatalogueViewModel.m */ = {isa = PBXFileReference; lastKnownFileType = sourcecode.c.objc; path = BookCatalogueViewModel.m; sourceTree = "<group>"; };
		68D6656B25899E9D0065C71D /* BookDetailTableViewCell.h */ = {isa = PBXFileReference; lastKnownFileType = sourcecode.c.h; path = BookDetailTableViewCell.h; sourceTree = "<group>"; };
		68D6656C25899EE60065C71D /* BookDetailTableViewCell.m */ = {isa = PBXFileReference; lastKnownFileType = sourcecode.c.objc; path = BookDetailTableViewCell.m; sourceTree = "<group>"; };
		68D66578258AEE400065C71D /* MockBookDataService.m */ = {isa = PBXFileReference; lastKnownFileType = sourcecode.c.objc; path = MockBookDataService.m; sourceTree = "<group>"; };
		68D6657D258AEE4D0065C71D /* MockBookDataService.h */ = {isa = PBXFileReference; lastKnownFileType = sourcecode.c.h; path = MockBookDataService.h; sourceTree = "<group>"; };
		68D6658F258AF1090065C71D /* BookCatalogueViewModelUnitTests.m */ = {isa = PBXFileReference; lastKnownFileType = sourcecode.c.objc; path = BookCatalogueViewModelUnitTests.m; sourceTree = "<group>"; };
/* End PBXFileReference section */

/* Begin PBXFrameworksBuildPhase section */
		68D66486257E6E1C0065C71D /* Frameworks */ = {
			isa = PBXFrameworksBuildPhase;
			buildActionMask = 2147483647;
			files = (
			);
			runOnlyForDeploymentPostprocessing = 0;
		};
		68D664A1257E6E200065C71D /* Frameworks */ = {
			isa = PBXFrameworksBuildPhase;
			buildActionMask = 2147483647;
			files = (
			);
			runOnlyForDeploymentPostprocessing = 0;
		};
		68D664AC257E6E200065C71D /* Frameworks */ = {
			isa = PBXFrameworksBuildPhase;
			buildActionMask = 2147483647;
			files = (
			);
			runOnlyForDeploymentPostprocessing = 0;
		};
/* End PBXFrameworksBuildPhase section */

/* Begin PBXGroup section */
		68D66480257E6E1C0065C71D = {
			isa = PBXGroup;
			children = (
				68D6648B257E6E1C0065C71D /* OracleInterviewApp */,
				68D664A7257E6E200065C71D /* OracleInterviewAppTests */,
				68D664B2257E6E200065C71D /* OracleInterviewAppUITests */,
				68D6648A257E6E1C0065C71D /* Products */,
			);
			sourceTree = "<group>";
		};
		68D6648A257E6E1C0065C71D /* Products */ = {
			isa = PBXGroup;
			children = (
				68D66489257E6E1C0065C71D /* OracleInterviewApp.app */,
				68D664A4257E6E200065C71D /* OracleInterviewAppTests.xctest */,
				68D664AF257E6E200065C71D /* OracleInterviewAppUITests.xctest */,
			);
			name = Products;
			sourceTree = "<group>";
		};
		68D6648B257E6E1C0065C71D /* OracleInterviewApp */ = {
			isa = PBXGroup;
			children = (
				68D665712589AB9D0065C71D /* UI */,
				68D664C4257E6EFF0065C71D /* WebCommunication */,
				68D6650025876CC90065C71D /* Services */,
				68D664E025863E320065C71D /* Common */,
				68D664CD257E6FDB0065C71D /* Models */,
				68D6648C257E6E1C0065C71D /* AppDelegate.h */,
				68D6648D257E6E1C0065C71D /* AppDelegate.m */,
				68D6648F257E6E1C0065C71D /* SceneDelegate.h */,
				68D66490257E6E1C0065C71D /* SceneDelegate.m */,
				68D66495257E6E1C0065C71D /* Main.storyboard */,
				68D66498257E6E1F0065C71D /* Assets.xcassets */,
				68D6649A257E6E1F0065C71D /* LaunchScreen.storyboard */,
				68D6649D257E6E1F0065C71D /* Info.plist */,
				68D6649E257E6E1F0065C71D /* main.m */,
			);
			path = OracleInterviewApp;
			sourceTree = "<group>";
		};
		68D664A7257E6E200065C71D /* OracleInterviewAppTests */ = {
			isa = PBXGroup;
			children = (
				68D6651425877A350065C71D /* MockClasses */,
				68D664A8257E6E200065C71D /* OracleInterviewAppTests.m */,
				68D664AA257E6E200065C71D /* Info.plist */,
				68D66507258775C40065C71D /* RestClientIntegrationTests.m */,
				68D6650C258775DA0065C71D /* RestClientUnitTests.m */,
				68D6653F2587A2720065C71D /* BooksDataServiceIntegrationTests.m */,
				68D6654D25884D8A0065C71D /* BooksDataServiceUnitTests.m */,
				68D6658F258AF1090065C71D /* BookCatalogueViewModelUnitTests.m */,
			);
			path = OracleInterviewAppTests;
			sourceTree = "<group>";
		};
		68D664B2257E6E200065C71D /* OracleInterviewAppUITests */ = {
			isa = PBXGroup;
			children = (
				68D664B3257E6E200065C71D /* OracleInterviewAppUITests.m */,
				68D664B5257E6E200065C71D /* Info.plist */,
			);
			path = OracleInterviewAppUITests;
			sourceTree = "<group>";
		};
		68D664C4257E6EFF0065C71D /* WebCommunication */ = {
			isa = PBXGroup;
			children = (
				68D664F225864AFA0065C71D /* RestClient.h */,
				68D664C5257E6F230065C71D /* RestClient.m */,
				68D664E92586492A0065C71D /* WebRequest.h */,
				68D664D6257E75610065C71D /* WebRequest.m */,
				68D664EA258649730065C71D /* WebResponse.h */,
				68D664DB257E79760065C71D /* WebResponse.m */,
			);
			path = WebCommunication;
			sourceTree = "<group>";
		};
		68D664CD257E6FDB0065C71D /* Models */ = {
			isa = PBXGroup;
			children = (
				68D664F925876ACB0065C71D /* Book.h */,
				68D664CE257E6FF70065C71D /* Book.m */,
				68D665492587A6DE0065C71D /* BookList.h */,
				68D665442587A6D20065C71D /* BookList.m */,
			);
			path = Models;
			sourceTree = "<group>";
		};
		68D664E025863E320065C71D /* Common */ = {
			isa = PBXGroup;
			children = (
				68D664EE25864A1A0065C71D /* Constants.h */,
				68D664E125863E450065C71D /* Constants.m */,
				68D665292587939D0065C71D /* SecureStorage.h */,
				68D665242587938F0065C71D /* SecureStorage.m */,
			);
			path = Common;
			sourceTree = "<group>";
		};
		68D6650025876CC90065C71D /* Services */ = {
			isa = PBXGroup;
			children = (
				68D6650125876D000065C71D /* BooksDataService.h */,
				68D6650225876EE60065C71D /* BooksDataService.m */,
			);
			path = Services;
			sourceTree = "<group>";
		};
		68D6651425877A350065C71D /* MockClasses */ = {
			isa = PBXGroup;
			children = (
				68D6652D25879A4A0065C71D /* MockURLSession.h */,
				68D6653225879CBC0065C71D /* MockURLSession.m */,
				68D6652E25879A560065C71D /* MockURLSessionDataTask.h */,
				68D6653A25879CCD0065C71D /* MockURLSessionDataTask.m */,
				68D6655825884E630065C71D /* MockRestClient.h */,
				68D6655225884E430065C71D /* MockRestClient.m */,
				68D6657D258AEE4D0065C71D /* MockBookDataService.h */,
				68D66578258AEE400065C71D /* MockBookDataService.m */,
			);
			path = MockClasses;
			sourceTree = "<group>";
		};
		68D665712589AB9D0065C71D /* UI */ = {
			isa = PBXGroup;
			children = (
				68D6656B25899E9D0065C71D /* BookDetailTableViewCell.h */,
				68D6656C25899EE60065C71D /* BookDetailTableViewCell.m */,
				68D66562258865590065C71D /* BookCatalogueViewModel.h */,
				68D66563258865700065C71D /* BookCatalogueViewModel.m */,
				68D66492257E6E1C0065C71D /* ViewController.h */,
				68D66493257E6E1C0065C71D /* ViewController.m */,
			);
			path = UI;
			sourceTree = "<group>";
		};
/* End PBXGroup section */

/* Begin PBXNativeTarget section */
		68D66488257E6E1C0065C71D /* OracleInterviewApp */ = {
			isa = PBXNativeTarget;
			buildConfigurationList = 68D664B8257E6E200065C71D /* Build configuration list for PBXNativeTarget "OracleInterviewApp" */;
			buildPhases = (
				68D66485257E6E1C0065C71D /* Sources */,
				68D66486257E6E1C0065C71D /* Frameworks */,
				68D66487257E6E1C0065C71D /* Resources */,
			);
			buildRules = (
			);
			dependencies = (
			);
			name = OracleInterviewApp;
			productName = OracleInterviewApp;
			productReference = 68D66489257E6E1C0065C71D /* OracleInterviewApp.app */;
			productType = "com.apple.product-type.application";
		};
		68D664A3257E6E200065C71D /* OracleInterviewAppTests */ = {
			isa = PBXNativeTarget;
			buildConfigurationList = 68D664BB257E6E200065C71D /* Build configuration list for PBXNativeTarget "OracleInterviewAppTests" */;
			buildPhases = (
				68D664A0257E6E200065C71D /* Sources */,
				68D664A1257E6E200065C71D /* Frameworks */,
				68D664A2257E6E200065C71D /* Resources */,
			);
			buildRules = (
			);
			dependencies = (
				68D664A6257E6E200065C71D /* PBXTargetDependency */,
			);
			name = OracleInterviewAppTests;
			productName = OracleInterviewAppTests;
			productReference = 68D664A4257E6E200065C71D /* OracleInterviewAppTests.xctest */;
			productType = "com.apple.product-type.bundle.unit-test";
		};
		68D664AE257E6E200065C71D /* OracleInterviewAppUITests */ = {
			isa = PBXNativeTarget;
			buildConfigurationList = 68D664BE257E6E200065C71D /* Build configuration list for PBXNativeTarget "OracleInterviewAppUITests" */;
			buildPhases = (
				68D664AB257E6E200065C71D /* Sources */,
				68D664AC257E6E200065C71D /* Frameworks */,
				68D664AD257E6E200065C71D /* Resources */,
			);
			buildRules = (
			);
			dependencies = (
				68D664B1257E6E200065C71D /* PBXTargetDependency */,
			);
			name = OracleInterviewAppUITests;
			productName = OracleInterviewAppUITests;
			productReference = 68D664AF257E6E200065C71D /* OracleInterviewAppUITests.xctest */;
			productType = "com.apple.product-type.bundle.ui-testing";
		};
/* End PBXNativeTarget section */

/* Begin PBXProject section */
		68D66481257E6E1C0065C71D /* Project object */ = {
			isa = PBXProject;
			attributes = {
				LastUpgradeCheck = 1200;
				TargetAttributes = {
					68D66488257E6E1C0065C71D = {
						CreatedOnToolsVersion = 12.0;
					};
					68D664A3257E6E200065C71D = {
						CreatedOnToolsVersion = 12.0;
						TestTargetID = 68D66488257E6E1C0065C71D;
					};
					68D664AE257E6E200065C71D = {
						CreatedOnToolsVersion = 12.0;
						TestTargetID = 68D66488257E6E1C0065C71D;
					};
				};
			};
			buildConfigurationList = 68D66484257E6E1C0065C71D /* Build configuration list for PBXProject "OracleInterviewApp" */;
			compatibilityVersion = "Xcode 9.3";
			developmentRegion = en;
			hasScannedForEncodings = 0;
			knownRegions = (
				en,
				Base,
			);
			mainGroup = 68D66480257E6E1C0065C71D;
			productRefGroup = 68D6648A257E6E1C0065C71D /* Products */;
			projectDirPath = "";
			projectRoot = "";
			targets = (
				68D66488257E6E1C0065C71D /* OracleInterviewApp */,
				68D664A3257E6E200065C71D /* OracleInterviewAppTests */,
				68D664AE257E6E200065C71D /* OracleInterviewAppUITests */,
			);
		};
/* End PBXProject section */

/* Begin PBXResourcesBuildPhase section */
		68D66487257E6E1C0065C71D /* Resources */ = {
			isa = PBXResourcesBuildPhase;
			buildActionMask = 2147483647;
			files = (
				68D6649C257E6E1F0065C71D /* LaunchScreen.storyboard in Resources */,
				68D66499257E6E1F0065C71D /* Assets.xcassets in Resources */,
				68D66497257E6E1C0065C71D /* Main.storyboard in Resources */,
			);
			runOnlyForDeploymentPostprocessing = 0;
		};
		68D664A2257E6E200065C71D /* Resources */ = {
			isa = PBXResourcesBuildPhase;
			buildActionMask = 2147483647;
			files = (
			);
			runOnlyForDeploymentPostprocessing = 0;
		};
		68D664AD257E6E200065C71D /* Resources */ = {
			isa = PBXResourcesBuildPhase;
			buildActionMask = 2147483647;
			files = (
			);
			runOnlyForDeploymentPostprocessing = 0;
		};
/* End PBXResourcesBuildPhase section */

/* Begin PBXSourcesBuildPhase section */
		68D66485257E6E1C0065C71D /* Sources */ = {
			isa = PBXSourcesBuildPhase;
			buildActionMask = 2147483647;
			files = (
				68D66494257E6E1C0065C71D /* ViewController.m in Sources */,
				68D6648E257E6E1C0065C71D /* AppDelegate.m in Sources */,
				68D664D7257E75610065C71D /* WebRequest.m in Sources */,
				68D6656D25899EE60065C71D /* BookDetailTableViewCell.m in Sources */,
				68D6649F257E6E1F0065C71D /* main.m in Sources */,
				68D6650325876EE60065C71D /* BooksDataService.m in Sources */,
				68D664C6257E6F230065C71D /* RestClient.m in Sources */,
				68D664DC257E79760065C71D /* WebResponse.m in Sources */,
				68D664CF257E6FF70065C71D /* Book.m in Sources */,
				68D66564258865720065C71D /* BookCatalogueViewModel.m in Sources */,
				68D665452587A6D20065C71D /* BookList.m in Sources */,
				68D66491257E6E1C0065C71D /* SceneDelegate.m in Sources */,
				68D665252587938F0065C71D /* SecureStorage.m in Sources */,
				68D664E225863E450065C71D /* Constants.m in Sources */,
			);
			runOnlyForDeploymentPostprocessing = 0;
		};
		68D664A0257E6E200065C71D /* Sources */ = {
			isa = PBXSourcesBuildPhase;
			buildActionMask = 2147483647;
			files = (
				68D6653B25879CCD0065C71D /* MockURLSessionDataTask.m in Sources */,
				68D6654E25884D8A0065C71D /* BooksDataServiceUnitTests.m in Sources */,
				68D6655325884E430065C71D /* MockRestClient.m in Sources */,
				68D6653325879CBC0065C71D /* MockURLSession.m in Sources */,
				68D664A9257E6E200065C71D /* OracleInterviewAppTests.m in Sources */,
				68D66579258AEE400065C71D /* MockBookDataService.m in Sources */,
				68D66508258775C40065C71D /* RestClientIntegrationTests.m in Sources */,
				68D66590258AF1090065C71D /* BookCatalogueViewModelUnitTests.m in Sources */,
				68D6650D258775DA0065C71D /* RestClientUnitTests.m in Sources */,
				68D665402587A2720065C71D /* BooksDataServiceIntegrationTests.m in Sources */,
			);
			runOnlyForDeploymentPostprocessing = 0;
		};
		68D664AB257E6E200065C71D /* Sources */ = {
			isa = PBXSourcesBuildPhase;
			buildActionMask = 2147483647;
			files = (
				68D664B4257E6E200065C71D /* OracleInterviewAppUITests.m in Sources */,
			);
			runOnlyForDeploymentPostprocessing = 0;
		};
/* End PBXSourcesBuildPhase section */

/* Begin PBXTargetDependency section */
		68D664A6257E6E200065C71D /* PBXTargetDependency */ = {
			isa = PBXTargetDependency;
			target = 68D66488257E6E1C0065C71D /* OracleInterviewApp */;
			targetProxy = 68D664A5257E6E200065C71D /* PBXContainerItemProxy */;
		};
		68D664B1257E6E200065C71D /* PBXTargetDependency */ = {
			isa = PBXTargetDependency;
			target = 68D66488257E6E1C0065C71D /* OracleInterviewApp */;
			targetProxy = 68D664B0257E6E200065C71D /* PBXContainerItemProxy */;
		};
/* End PBXTargetDependency section */

/* Begin PBXVariantGroup section */
		68D66495257E6E1C0065C71D /* Main.storyboard */ = {
			isa = PBXVariantGroup;
			children = (
				68D66496257E6E1C0065C71D /* Base */,
			);
			name = Main.storyboard;
			sourceTree = "<group>";
		};
		68D6649A257E6E1F0065C71D /* LaunchScreen.storyboard */ = {
			isa = PBXVariantGroup;
			children = (
				68D6649B257E6E1F0065C71D /* Base */,
			);
			name = LaunchScreen.storyboard;
			sourceTree = "<group>";
		};
/* End PBXVariantGroup section */

/* Begin XCBuildConfiguration section */
		68D664B6257E6E200065C71D /* Debug */ = {
			isa = XCBuildConfiguration;
			buildSettings = {
				ALWAYS_SEARCH_USER_PATHS = NO;
				CLANG_ANALYZER_NONNULL = YES;
				CLANG_ANALYZER_NUMBER_OBJECT_CONVERSION = YES_AGGRESSIVE;
				CLANG_CXX_LANGUAGE_STANDARD = "gnu++14";
				CLANG_CXX_LIBRARY = "libc++";
				CLANG_ENABLE_MODULES = YES;
				CLANG_ENABLE_OBJC_ARC = YES;
				CLANG_ENABLE_OBJC_WEAK = YES;
				CLANG_WARN_BLOCK_CAPTURE_AUTORELEASING = YES;
				CLANG_WARN_BOOL_CONVERSION = YES;
				CLANG_WARN_COMMA = YES;
				CLANG_WARN_CONSTANT_CONVERSION = YES;
				CLANG_WARN_DEPRECATED_OBJC_IMPLEMENTATIONS = YES;
				CLANG_WARN_DIRECT_OBJC_ISA_USAGE = YES_ERROR;
				CLANG_WARN_DOCUMENTATION_COMMENTS = YES;
				CLANG_WARN_EMPTY_BODY = YES;
				CLANG_WARN_ENUM_CONVERSION = YES;
				CLANG_WARN_INFINITE_RECURSION = YES;
				CLANG_WARN_INT_CONVERSION = YES;
				CLANG_WARN_NON_LITERAL_NULL_CONVERSION = YES;
				CLANG_WARN_OBJC_IMPLICIT_RETAIN_SELF = YES;
				CLANG_WARN_OBJC_LITERAL_CONVERSION = YES;
				CLANG_WARN_OBJC_ROOT_CLASS = YES_ERROR;
				CLANG_WARN_QUOTED_INCLUDE_IN_FRAMEWORK_HEADER = YES;
				CLANG_WARN_RANGE_LOOP_ANALYSIS = YES;
				CLANG_WARN_STRICT_PROTOTYPES = YES;
				CLANG_WARN_SUSPICIOUS_MOVE = YES;
				CLANG_WARN_UNGUARDED_AVAILABILITY = YES_AGGRESSIVE;
				CLANG_WARN_UNREACHABLE_CODE = YES;
				CLANG_WARN__DUPLICATE_METHOD_MATCH = YES;
				COPY_PHASE_STRIP = NO;
				DEBUG_INFORMATION_FORMAT = dwarf;
				ENABLE_STRICT_OBJC_MSGSEND = YES;
				ENABLE_TESTABILITY = YES;
				GCC_C_LANGUAGE_STANDARD = gnu11;
				GCC_DYNAMIC_NO_PIC = NO;
				GCC_NO_COMMON_BLOCKS = YES;
				GCC_OPTIMIZATION_LEVEL = 0;
				GCC_PREPROCESSOR_DEFINITIONS = (
					"DEBUG=1",
					"$(inherited)",
				);
				GCC_WARN_64_TO_32_BIT_CONVERSION = YES;
				GCC_WARN_ABOUT_RETURN_TYPE = YES_ERROR;
				GCC_WARN_UNDECLARED_SELECTOR = YES;
				GCC_WARN_UNINITIALIZED_AUTOS = YES_AGGRESSIVE;
				GCC_WARN_UNUSED_FUNCTION = YES;
				GCC_WARN_UNUSED_VARIABLE = YES;
				IPHONEOS_DEPLOYMENT_TARGET = 14.0;
				MTL_ENABLE_DEBUG_INFO = INCLUDE_SOURCE;
				MTL_FAST_MATH = YES;
				ONLY_ACTIVE_ARCH = YES;
				SDKROOT = iphoneos;
			};
			name = Debug;
		};
		68D664B7257E6E200065C71D /* Release */ = {
			isa = XCBuildConfiguration;
			buildSettings = {
				ALWAYS_SEARCH_USER_PATHS = NO;
				CLANG_ANALYZER_NONNULL = YES;
				CLANG_ANALYZER_NUMBER_OBJECT_CONVERSION = YES_AGGRESSIVE;
				CLANG_CXX_LANGUAGE_STANDARD = "gnu++14";
				CLANG_CXX_LIBRARY = "libc++";
				CLANG_ENABLE_MODULES = YES;
				CLANG_ENABLE_OBJC_ARC = YES;
				CLANG_ENABLE_OBJC_WEAK = YES;
				CLANG_WARN_BLOCK_CAPTURE_AUTORELEASING = YES;
				CLANG_WARN_BOOL_CONVERSION = YES;
				CLANG_WARN_COMMA = YES;
				CLANG_WARN_CONSTANT_CONVERSION = YES;
				CLANG_WARN_DEPRECATED_OBJC_IMPLEMENTATIONS = YES;
				CLANG_WARN_DIRECT_OBJC_ISA_USAGE = YES_ERROR;
				CLANG_WARN_DOCUMENTATION_COMMENTS = YES;
				CLANG_WARN_EMPTY_BODY = YES;
				CLANG_WARN_ENUM_CONVERSION = YES;
				CLANG_WARN_INFINITE_RECURSION = YES;
				CLANG_WARN_INT_CONVERSION = YES;
				CLANG_WARN_NON_LITERAL_NULL_CONVERSION = YES;
				CLANG_WARN_OBJC_IMPLICIT_RETAIN_SELF = YES;
				CLANG_WARN_OBJC_LITERAL_CONVERSION = YES;
				CLANG_WARN_OBJC_ROOT_CLASS = YES_ERROR;
				CLANG_WARN_QUOTED_INCLUDE_IN_FRAMEWORK_HEADER = YES;
				CLANG_WARN_RANGE_LOOP_ANALYSIS = YES;
				CLANG_WARN_STRICT_PROTOTYPES = YES;
				CLANG_WARN_SUSPICIOUS_MOVE = YES;
				CLANG_WARN_UNGUARDED_AVAILABILITY = YES_AGGRESSIVE;
				CLANG_WARN_UNREACHABLE_CODE = YES;
				CLANG_WARN__DUPLICATE_METHOD_MATCH = YES;
				COPY_PHASE_STRIP = NO;
				DEBUG_INFORMATION_FORMAT = "dwarf-with-dsym";
				ENABLE_NS_ASSERTIONS = NO;
				ENABLE_STRICT_OBJC_MSGSEND = YES;
				GCC_C_LANGUAGE_STANDARD = gnu11;
				GCC_NO_COMMON_BLOCKS = YES;
				GCC_WARN_64_TO_32_BIT_CONVERSION = YES;
				GCC_WARN_ABOUT_RETURN_TYPE = YES_ERROR;
				GCC_WARN_UNDECLARED_SELECTOR = YES;
				GCC_WARN_UNINITIALIZED_AUTOS = YES_AGGRESSIVE;
				GCC_WARN_UNUSED_FUNCTION = YES;
				GCC_WARN_UNUSED_VARIABLE = YES;
				IPHONEOS_DEPLOYMENT_TARGET = 14.0;
				MTL_ENABLE_DEBUG_INFO = NO;
				MTL_FAST_MATH = YES;
				SDKROOT = iphoneos;
				VALIDATE_PRODUCT = YES;
			};
			name = Release;
		};
		68D664B9257E6E200065C71D /* Debug */ = {
			isa = XCBuildConfiguration;
			buildSettings = {
				ASSETCATALOG_COMPILER_APPICON_NAME = AppIcon;
				ASSETCATALOG_COMPILER_GLOBAL_ACCENT_COLOR_NAME = AccentColor;
				CODE_SIGN_STYLE = Automatic;
				INFOPLIST_FILE = OracleInterviewApp/Info.plist;
				LD_RUNPATH_SEARCH_PATHS = (
					"$(inherited)",
					"@executable_path/Frameworks",
				);
				PRODUCT_BUNDLE_IDENTIFIER = mySweatshop.OracleInterviewApp;
				PRODUCT_NAME = "$(TARGET_NAME)";
				TARGETED_DEVICE_FAMILY = "1,2";
			};
			name = Debug;
		};
		68D664BA257E6E200065C71D /* Release */ = {
			isa = XCBuildConfiguration;
			buildSettings = {
				ASSETCATALOG_COMPILER_APPICON_NAME = AppIcon;
				ASSETCATALOG_COMPILER_GLOBAL_ACCENT_COLOR_NAME = AccentColor;
				CODE_SIGN_STYLE = Automatic;
				INFOPLIST_FILE = OracleInterviewApp/Info.plist;
				LD_RUNPATH_SEARCH_PATHS = (
					"$(inherited)",
					"@executable_path/Frameworks",
				);
				PRODUCT_BUNDLE_IDENTIFIER = mySweatshop.OracleInterviewApp;
				PRODUCT_NAME = "$(TARGET_NAME)";
				TARGETED_DEVICE_FAMILY = "1,2";
			};
			name = Release;
		};
		68D664BC257E6E200065C71D /* Debug */ = {
			isa = XCBuildConfiguration;
			buildSettings = {
				BUNDLE_LOADER = "$(TEST_HOST)";
				CODE_SIGN_STYLE = Automatic;
				INFOPLIST_FILE = OracleInterviewAppTests/Info.plist;
				IPHONEOS_DEPLOYMENT_TARGET = 14.0;
				LD_RUNPATH_SEARCH_PATHS = (
					"$(inherited)",
					"@executable_path/Frameworks",
					"@loader_path/Frameworks",
				);
				PRODUCT_BUNDLE_IDENTIFIER = mySweatshop.OracleInterviewAppTests;
				PRODUCT_NAME = "$(TARGET_NAME)";
				TARGETED_DEVICE_FAMILY = "1,2";
				TEST_HOST = "$(BUILT_PRODUCTS_DIR)/OracleInterviewApp.app/OracleInterviewApp";
			};
			name = Debug;
		};
		68D664BD257E6E200065C71D /* Release */ = {
			isa = XCBuildConfiguration;
			buildSettings = {
				BUNDLE_LOADER = "$(TEST_HOST)";
				CODE_SIGN_STYLE = Automatic;
				INFOPLIST_FILE = OracleInterviewAppTests/Info.plist;
				IPHONEOS_DEPLOYMENT_TARGET = 14.0;
				LD_RUNPATH_SEARCH_PATHS = (
					"$(inherited)",
					"@executable_path/Frameworks",
					"@loader_path/Frameworks",
				);
				PRODUCT_BUNDLE_IDENTIFIER = mySweatshop.OracleInterviewAppTests;
				PRODUCT_NAME = "$(TARGET_NAME)";
				TARGETED_DEVICE_FAMILY = "1,2";
				TEST_HOST = "$(BUILT_PRODUCTS_DIR)/OracleInterviewApp.app/OracleInterviewApp";
			};
			name = Release;
		};
		68D664BF257E6E200065C71D /* Debug */ = {
			isa = XCBuildConfiguration;
			buildSettings = {
				CODE_SIGN_STYLE = Automatic;
				INFOPLIST_FILE = OracleInterviewAppUITests/Info.plist;
				LD_RUNPATH_SEARCH_PATHS = (
					"$(inherited)",
					"@executable_path/Frameworks",
					"@loader_path/Frameworks",
				);
				PRODUCT_BUNDLE_IDENTIFIER = mySweatshop.OracleInterviewAppUITests;
				PRODUCT_NAME = "$(TARGET_NAME)";
				TARGETED_DEVICE_FAMILY = "1,2";
				TEST_TARGET_NAME = OracleInterviewApp;
			};
			name = Debug;
		};
		68D664C0257E6E200065C71D /* Release */ = {
			isa = XCBuildConfiguration;
			buildSettings = {
				CODE_SIGN_STYLE = Automatic;
				INFOPLIST_FILE = OracleInterviewAppUITests/Info.plist;
				LD_RUNPATH_SEARCH_PATHS = (
					"$(inherited)",
					"@executable_path/Frameworks",
					"@loader_path/Frameworks",
				);
				PRODUCT_BUNDLE_IDENTIFIER = mySweatshop.OracleInterviewAppUITests;
				PRODUCT_NAME = "$(TARGET_NAME)";
				TARGETED_DEVICE_FAMILY = "1,2";
				TEST_TARGET_NAME = OracleInterviewApp;
			};
			name = Release;
		};
/* End XCBuildConfiguration section */

/* Begin XCConfigurationList section */
		68D66484257E6E1C0065C71D /* Build configuration list for PBXProject "OracleInterviewApp" */ = {
			isa = XCConfigurationList;
			buildConfigurations = (
				68D664B6257E6E200065C71D /* Debug */,
				68D664B7257E6E200065C71D /* Release */,
			);
			defaultConfigurationIsVisible = 0;
			defaultConfigurationName = Release;
		};
		68D664B8257E6E200065C71D /* Build configuration list for PBXNativeTarget "OracleInterviewApp" */ = {
			isa = XCConfigurationList;
			buildConfigurations = (
				68D664B9257E6E200065C71D /* Debug */,
				68D664BA257E6E200065C71D /* Release */,
			);
			defaultConfigurationIsVisible = 0;
			defaultConfigurationName = Release;
		};
		68D664BB257E6E200065C71D /* Build configuration list for PBXNativeTarget "OracleInterviewAppTests" */ = {
			isa = XCConfigurationList;
			buildConfigurations = (
				68D664BC257E6E200065C71D /* Debug */,
				68D664BD257E6E200065C71D /* Release */,
			);
			defaultConfigurationIsVisible = 0;
			defaultConfigurationName = Release;
		};
		68D664BE257E6E200065C71D /* Build configuration list for PBXNativeTarget "OracleInterviewAppUITests" */ = {
			isa = XCConfigurationList;
			buildConfigurations = (
				68D664BF257E6E200065C71D /* Debug */,
				68D664C0257E6E200065C71D /* Release */,
			);
			defaultConfigurationIsVisible = 0;
			defaultConfigurationName = Release;
		};
/* End XCConfigurationList section */
	};
	rootObject = 68D66481257E6E1C0065C71D /* Project object */;
}
